{
  "name": "fuzzy_search_js",
  "version": "1.0.0",
  "lockfileVersion": 3,
  "requires": true,
  "packages": {
    "": {
      "name": "fuzzy_search_js",
      "version": "1.0.0",
      "license": "ISC",
      "dependencies": {
        "fuzzball": "^2.2.2"
      }
    },
    "node_modules/fuzzball": {
      "version": "2.2.2",
      "resolved": "https://registry.npmjs.org/fuzzball/-/fuzzball-2.2.2.tgz",
      "integrity": "sha512-NCJZdEur2qTZ6/dYjkvLnNOnDxN4JG1rOWSRJS2ser4cFGVqFNBu2JjudxU2kZrHqfKg1zmtHii/JmWLaEeDHw==",
      "dependencies": {
        "heap": ">=0.2.0",
        "lodash": "^4.17.21",
        "setimmediate": "^1.0.5"
      }
    },
    "node_modules/heap": {
      "version": "0.2.7",
      "resolved": "https://registry.npmjs.org/heap/-/heap-0.2.7.tgz",
      "integrity": "sha512-2bsegYkkHO+h/9MGbn6KWcE45cHZgPANo5LXF7EvWdT0yT2EguSVO1nDgU5c8+ZOPwp2vMNa7YFsJhVcDR9Sdg=="
    },
    "node_modules/lodash": {
      "version": "4.17.21",
      "resolved": "https://registry.npmjs.org/lodash/-/lodash-4.17.21.tgz",
      "integrity": "sha512-v2kDEe57lecTulaDIuNTPy3Ry4gLGJ6Z1O3vE1krgXZNrsQ+LFTGHVxVjcXPs17LhbZVGedAJv8XZ1tvj5FvSg=="
    },
    "node_modules/setimmediate": {
      "version": "1.0.5",
      "resolved": "https://registry.npmjs.org/setimmediate/-/setimmediate-1.0.5.tgz",
      "integrity": "sha512-MATJdZp8sLqDl/68LfQmbP8zKPLQNV6BIZoIgrscFDQ+RsvK/BxeDQOgyxKKoh0y/8h3BqVFnCqQ/gd+reiIXA=="
    }
  }
}
